
Microsoft Visual Studio Solution File, Format Version 12.00
# Visual Studio Version 16
VisualStudioVersion = 16.0.30804.86
MinimumVisualStudioVersion = 10.0.40219.1
Project("{9A19103F-16F7-4668-BE54-9A1E7A4F7556}") = "EquipesExos2", "EquipesExos2.csproj", "{A2AB49F7-416E-4DD6-A3C1-6C33F2F63D88}"
EndProject
Global
	GlobalSection(SolutionConfigurationPlatforms) = preSolution
		Debug|Any CPU = Debug|Any CPU
		Release|Any CPU = Release|Any CPU
	EndGlobalSection
	GlobalSection(ProjectConfigurationPlatforms) = postSolution
		{A2AB49F7-416E-4DD6-A3C1-6C33F2F63D88}.Debug|Any CPU.ActiveCfg = Debug|Any CPU
		{A2AB49F7-416E-4DD6-A3C1-6C33F2F63D88}.Debug|Any CPU.Build.0 = Debug|Any CPU
		{A2AB49F7-416E-4DD6-A3C1-6C33F2F63D88}.Release|Any CPU.ActiveCfg = Release|Any CPU
		{A2AB49F7-416E-4DD6-A3C1-6C33F2F63D88}.Release|Any CPU.Build.0 = Release|Any CPU
	EndGlobalSection
	GlobalSection(SolutionProperties) = preSolution
		HideSolutionNode = FALSE
	EndGlobalSection
	GlobalSection(ExtensibilityGlobals) = postSolution
		SolutionGuid = {087C4999-A22C-46B5-9122-E7745E6B20F0}
	EndGlobalSection
EndGlobal
