
Microsoft Visual Studio Solution File, Format Version 12.00
# Visual Studio Version 16
VisualStudioVersion = 16.0.29215.179
MinimumVisualStudioVersion = 10.0.40219.1
Project("{9A19103F-16F7-4668-BE54-9A1E7A4F7556}") = "ReservationPlace.View", "..\ReservationPlace\ResrvationPlace.View\ReservationPlace.View.csproj", "{1C0D062C-306C-4506-88F8-CBCDFC6D0213}"
EndProject
Project("{9A19103F-16F7-4668-BE54-9A1E7A4F7556}") = "ResrvationPlace.Core", "..\ReservationPlace\ResrvationPlace.Core\ResrvationPlace.Core.csproj", "{73FF8E54-07C0-4A70-9DCF-B16AE14D799F}"
EndProject
Project("{9A19103F-16F7-4668-BE54-9A1E7A4F7556}") = "ReservationPlace.Models", "..\ReservationPlace\ReservationPlace.Models\ReservationPlace.Models.csproj", "{6AE8CB56-59D4-4846-A734-CDA88AAD44F2}"
EndProject
Global
	GlobalSection(SolutionConfigurationPlatforms) = preSolution
		Debug|Any CPU = Debug|Any CPU
		Release|Any CPU = Release|Any CPU
	EndGlobalSection
	GlobalSection(ProjectConfigurationPlatforms) = postSolution
		{1C0D062C-306C-4506-88F8-CBCDFC6D0213}.Debug|Any CPU.ActiveCfg = Debug|Any CPU
		{1C0D062C-306C-4506-88F8-CBCDFC6D0213}.Debug|Any CPU.Build.0 = Debug|Any CPU
		{1C0D062C-306C-4506-88F8-CBCDFC6D0213}.Release|Any CPU.ActiveCfg = Release|Any CPU
		{1C0D062C-306C-4506-88F8-CBCDFC6D0213}.Release|Any CPU.Build.0 = Release|Any CPU
		{73FF8E54-07C0-4A70-9DCF-B16AE14D799F}.Debug|Any CPU.ActiveCfg = Debug|Any CPU
		{73FF8E54-07C0-4A70-9DCF-B16AE14D799F}.Debug|Any CPU.Build.0 = Debug|Any CPU
		{73FF8E54-07C0-4A70-9DCF-B16AE14D799F}.Release|Any CPU.ActiveCfg = Release|Any CPU
		{73FF8E54-07C0-4A70-9DCF-B16AE14D799F}.Release|Any CPU.Build.0 = Release|Any CPU
		{6AE8CB56-59D4-4846-A734-CDA88AAD44F2}.Debug|Any CPU.ActiveCfg = Debug|Any CPU
		{6AE8CB56-59D4-4846-A734-CDA88AAD44F2}.Debug|Any CPU.Build.0 = Debug|Any CPU
		{6AE8CB56-59D4-4846-A734-CDA88AAD44F2}.Release|Any CPU.ActiveCfg = Release|Any CPU
		{6AE8CB56-59D4-4846-A734-CDA88AAD44F2}.Release|Any CPU.Build.0 = Release|Any CPU
	EndGlobalSection
	GlobalSection(SolutionProperties) = preSolution
		HideSolutionNode = FALSE
	EndGlobalSection
	GlobalSection(ExtensibilityGlobals) = postSolution
		SolutionGuid = {300FDDCC-2652-4BFE-8148-B0E8FE5E6C82}
	EndGlobalSection
EndGlobal
