
Microsoft Visual Studio Solution File, Format Version 12.00
# Visual Studio Version 16
VisualStudioVersion = 16.0.29009.5
MinimumVisualStudioVersion = 10.0.40219.1
Project("{9A19103F-16F7-4668-BE54-9A1E7A4F7556}") = "FireGame.Core", "FireGame.Core\FireGame.Core.csproj", "{B1DFB29B-50F5-419A-BD92-BD98E72B2D3A}"
EndProject
Project("{9A19103F-16F7-4668-BE54-9A1E7A4F7556}") = "FireGame.Model", "FireGame.Model\FireGame.Model.csproj", "{CA20D923-96C3-4C23-B22D-BD35AA048EB7}"
EndProject
Project("{FAE04EC0-301F-11D3-BF4B-00C04F79EFBC}") = "FireGame.Console", "FireGame.Console\FireGame.Console.csproj", "{C79A8029-EEBE-46DB-AC28-CBF97964749F}"
EndProject
Global
	GlobalSection(SolutionConfigurationPlatforms) = preSolution
		Debug|Any CPU = Debug|Any CPU
		Release|Any CPU = Release|Any CPU
	EndGlobalSection
	GlobalSection(ProjectConfigurationPlatforms) = postSolution
		{B1DFB29B-50F5-419A-BD92-BD98E72B2D3A}.Debug|Any CPU.ActiveCfg = Debug|Any CPU
		{B1DFB29B-50F5-419A-BD92-BD98E72B2D3A}.Debug|Any CPU.Build.0 = Debug|Any CPU
		{B1DFB29B-50F5-419A-BD92-BD98E72B2D3A}.Release|Any CPU.ActiveCfg = Release|Any CPU
		{B1DFB29B-50F5-419A-BD92-BD98E72B2D3A}.Release|Any CPU.Build.0 = Release|Any CPU
		{CA20D923-96C3-4C23-B22D-BD35AA048EB7}.Debug|Any CPU.ActiveCfg = Debug|Any CPU
		{CA20D923-96C3-4C23-B22D-BD35AA048EB7}.Debug|Any CPU.Build.0 = Debug|Any CPU
		{CA20D923-96C3-4C23-B22D-BD35AA048EB7}.Release|Any CPU.ActiveCfg = Release|Any CPU
		{CA20D923-96C3-4C23-B22D-BD35AA048EB7}.Release|Any CPU.Build.0 = Release|Any CPU
		{C79A8029-EEBE-46DB-AC28-CBF97964749F}.Debug|Any CPU.ActiveCfg = Debug|Any CPU
		{C79A8029-EEBE-46DB-AC28-CBF97964749F}.Debug|Any CPU.Build.0 = Debug|Any CPU
		{C79A8029-EEBE-46DB-AC28-CBF97964749F}.Release|Any CPU.ActiveCfg = Release|Any CPU
		{C79A8029-EEBE-46DB-AC28-CBF97964749F}.Release|Any CPU.Build.0 = Release|Any CPU
	EndGlobalSection
	GlobalSection(SolutionProperties) = preSolution
		HideSolutionNode = FALSE
	EndGlobalSection
	GlobalSection(ExtensibilityGlobals) = postSolution
		SolutionGuid = {0AC215BB-A744-430A-ABC3-FFD27908D5C5}
	EndGlobalSection
EndGlobal
