
Microsoft Visual Studio Solution File, Format Version 12.00
# Visual Studio Version 16
VisualStudioVersion = 16.0.28803.452
MinimumVisualStudioVersion = 10.0.40219.1
Project("{FAE04EC0-301F-11D3-BF4B-00C04F79EFBC}") = "Postage", "Postage\Postage.csproj", "{792D2FC2-348D-42AD-97D0-09034F2BA570}"
EndProject
Global
	GlobalSection(SolutionConfigurationPlatforms) = preSolution
		Debug|Any CPU = Debug|Any CPU
		Release|Any CPU = Release|Any CPU
	EndGlobalSection
	GlobalSection(ProjectConfigurationPlatforms) = postSolution
		{792D2FC2-348D-42AD-97D0-09034F2BA570}.Debug|Any CPU.ActiveCfg = Debug|Any CPU
		{792D2FC2-348D-42AD-97D0-09034F2BA570}.Debug|Any CPU.Build.0 = Debug|Any CPU
		{792D2FC2-348D-42AD-97D0-09034F2BA570}.Release|Any CPU.ActiveCfg = Release|Any CPU
		{792D2FC2-348D-42AD-97D0-09034F2BA570}.Release|Any CPU.Build.0 = Release|Any CPU
	EndGlobalSection
	GlobalSection(SolutionProperties) = preSolution
		HideSolutionNode = FALSE
	EndGlobalSection
	GlobalSection(ExtensibilityGlobals) = postSolution
		SolutionGuid = {ABAEE35E-E4F9-4204-9F07-188711ED6FE8}
	EndGlobalSection
EndGlobal
